
Microsoft Visual Studio Solution File, Format Version 12.00
# Visual Studio Version 17
VisualStudioVersion = 17.3.32825.248
MinimumVisualStudioVersion = 10.0.40219.1
Project("{8BC9CEB8-8B4A-11D0-8D11-00A0C91BC942}") = "hamlibTest", "hamlibTest.vcxproj", "{D6A9E0F7-CE30-4255-860C-BABEC8360F24}"
EndProject
Project("{2150E333-8FDC-42A3-9474-1A3956D46DE8}") = "Solution Items", "Solution Items", "{8A537F0A-CF7B-463F-A3E1-F4C321A3978F}"
	ProjectSection(SolutionItems) = preProject
		.github\workflows\build-bba40.yaml = .github\workflows\build-bba40.yaml
	EndProjectSection
EndProject
Global
	GlobalSection(SolutionConfigurationPlatforms) = preSolution
		Debug|x64 = Debug|x64
		Debug|x86 = Debug|x86
		Release|x64 = Release|x64
		Release|x86 = Release|x86
	EndGlobalSection
	GlobalSection(ProjectConfigurationPlatforms) = postSolution
		{D6A9E0F7-CE30-4255-860C-BABEC8360F24}.Debug|x64.ActiveCfg = Debug|x64
		{D6A9E0F7-CE30-4255-860C-BABEC8360F24}.Debug|x64.Build.0 = Debug|x64
		{D6A9E0F7-CE30-4255-860C-BABEC8360F24}.Debug|x86.ActiveCfg = Debug|Win32
		{D6A9E0F7-CE30-4255-860C-BABEC8360F24}.Debug|x86.Build.0 = Debug|Win32
		{D6A9E0F7-CE30-4255-860C-BABEC8360F24}.Release|x64.ActiveCfg = Release|x64
		{D6A9E0F7-CE30-4255-860C-BABEC8360F24}.Release|x64.Build.0 = Release|x64
		{D6A9E0F7-CE30-4255-860C-BABEC8360F24}.Release|x86.ActiveCfg = Release|Win32
		{D6A9E0F7-CE30-4255-860C-BABEC8360F24}.Release|x86.Build.0 = Release|Win32
	EndGlobalSection
	GlobalSection(SolutionProperties) = preSolution
		HideSolutionNode = FALSE
	EndGlobalSection
	GlobalSection(ExtensibilityGlobals) = postSolution
		SolutionGuid = {2846179C-7E5E-44DC-829D-C74586FD113C}
	EndGlobalSection
EndGlobal
